
Microsoft Visual Studio Solution File, Format Version 12.00
# Visual Studio Version 17
VisualStudioVersion = 17.8.34525.116
MinimumVisualStudioVersion = 10.0.40219.1
Project("{FAE04EC0-301F-11D3-BF4B-00C04F79EFBC}") = "sandbox", "sandbox\sandbox.csproj", "{432993C1-1C44-4C5C-B343-A5EA098FDDB6}"
EndProject
Global
	GlobalSection(SolutionConfigurationPlatforms) = preSolution
		Debug|Any CPU = Debug|Any CPU
		Release|Any CPU = Release|Any CPU
	EndGlobalSection
	GlobalSection(ProjectConfigurationPlatforms) = postSolution
		{432993C1-1C44-4C5C-B343-A5EA098FDDB6}.Debug|Any CPU.ActiveCfg = Debug|Any CPU
		{432993C1-1C44-4C5C-B343-A5EA098FDDB6}.Debug|Any CPU.Build.0 = Debug|Any CPU
		{432993C1-1C44-4C5C-B343-A5EA098FDDB6}.Release|Any CPU.ActiveCfg = Release|Any CPU
		{432993C1-1C44-4C5C-B343-A5EA098FDDB6}.Release|Any CPU.Build.0 = Release|Any CPU
	EndGlobalSection
	GlobalSection(SolutionProperties) = preSolution
		HideSolutionNode = FALSE
	EndGlobalSection
	GlobalSection(ExtensibilityGlobals) = postSolution
		SolutionGuid = {944F0BA8-A2D3-4D7C-B0A4-4D60FCC7385C}
	EndGlobalSection
EndGlobal
